
Microsoft Visual Studio Solution File, Format Version 12.00
# Visual Studio Version 16
VisualStudioVersion = 16.0.30717.126
MinimumVisualStudioVersion = 10.0.40219.1
Project("{FAE04EC0-301F-11D3-BF4B-00C04F79EFBC}") = "Agilesoft_test", "Agilesoft_test.csproj", "{04B2C86C-A14B-484D-9CCC-6F8BF388FF1D}"
EndProject
Global
	GlobalSection(SolutionConfigurationPlatforms) = preSolution
		Debug|Any CPU = Debug|Any CPU
		Release|Any CPU = Release|Any CPU
	EndGlobalSection
	GlobalSection(ProjectConfigurationPlatforms) = postSolution
		{04B2C86C-A14B-484D-9CCC-6F8BF388FF1D}.Debug|Any CPU.ActiveCfg = Debug|Any CPU
		{04B2C86C-A14B-484D-9CCC-6F8BF388FF1D}.Debug|Any CPU.Build.0 = Debug|Any CPU
		{04B2C86C-A14B-484D-9CCC-6F8BF388FF1D}.Release|Any CPU.ActiveCfg = Release|Any CPU
		{04B2C86C-A14B-484D-9CCC-6F8BF388FF1D}.Release|Any CPU.Build.0 = Release|Any CPU
	EndGlobalSection
	GlobalSection(SolutionProperties) = preSolution
		HideSolutionNode = FALSE
	EndGlobalSection
	GlobalSection(ExtensibilityGlobals) = postSolution
		SolutionGuid = {14D49794-B3E5-4B75-A96C-0F433FFB4CDD}
	EndGlobalSection
EndGlobal
